// !$*UTF8*$!
{
	archiveVersion = 1;
	classes = {
	};
	objectVersion = 55;
	objects = {

/* Begin PBXBuildFile section */
		5045BBCF268BF9A5009A5FFF /* AppDelegate.swift in Sources */ = {isa = PBXBuildFile; fileRef = 5045BBCE268BF9A5009A5FFF /* AppDelegate.swift */; };
		5045BBD1268BF9A5009A5FFF /* ContentView.swift in Sources */ = {isa = PBXBuildFile; fileRef = 5045BBD0268BF9A5009A5FFF /* ContentView.swift */; };
		5045BBD5268BF9A6009A5FFF /* Assets.xcassets in Resources */ = {isa = PBXBuildFile; fileRef = 5045BBD4268BF9A6009A5FFF /* Assets.xcassets */; };
		5045BBD8268BF9A6009A5FFF /* Preview Assets.xcassets in Resources */ = {isa = PBXBuildFile; fileRef = 5045BBD7268BF9A6009A5FFF /* Preview Assets.xcassets */; };
		5045BBE3268BFC13009A5FFF /* tv_retro.usdz in Resources */ = {isa = PBXBuildFile; fileRef = 5045BBDF268BFC11009A5FFF /* tv_retro.usdz */; };
		5045BBE4268BFC13009A5FFF /* PegasusTrail.usdz in Resources */ = {isa = PBXBuildFile; fileRef = 5045BBE0268BFC12009A5FFF /* PegasusTrail.usdz */; };
		5045BBE5268BFC13009A5FFF /* toy_robot_vintage.usdz in Resources */ = {isa = PBXBuildFile; fileRef = 5045BBE1268BFC12009A5FFF /* toy_robot_vintage.usdz */; };
		5045BBE6268BFC13009A5FFF /* Rock.usdz in Resources */ = {isa = PBXBuildFile; fileRef = 5045BBE2268BFC13009A5FFF /* Rock.usdz */; };
		5045BBE8268C170E009A5FFF /* Model.swift in Sources */ = {isa = PBXBuildFile; fileRef = 5045BBE7268C170E009A5FFF /* Model.swift */; };
		5045BBEA268C1F1B009A5FFF /* curad_alcohol_pad.usdz in Resources */ = {isa = PBXBuildFile; fileRef = 5045BBE9268C1F1B009A5FFF /* curad_alcohol_pad.usdz */; };
/* End PBXBuildFile section */

/* Begin PBXFileReference section */
		5045BBCB268BF9A5009A5FFF /* ModelPickerApp.app */ = {isa = PBXFileReference; explicitFileType = wrapper.application; includeInIndex = 0; path = ModelPickerApp.app; sourceTree = BUILT_PRODUCTS_DIR; };
		5045BBCE268BF9A5009A5FFF /* AppDelegate.swift */ = {isa = PBXFileReference; lastKnownFileType = sourcecode.swift; path = AppDelegate.swift; sourceTree = "<group>"; };
		5045BBD0268BF9A5009A5FFF /* ContentView.swift */ = {isa = PBXFileReference; lastKnownFileType = sourcecode.swift; path = ContentView.swift; sourceTree = "<group>"; };
		5045BBD4268BF9A6009A5FFF /* Assets.xcassets */ = {isa = PBXFileReference; lastKnownFileType = folder.assetcatalog; path = Assets.xcassets; sourceTree = "<group>"; };
		5045BBD7268BF9A6009A5FFF /* Preview Assets.xcassets */ = {isa = PBXFileReference; lastKnownFileType = folder.assetcatalog; path = "Preview Assets.xcassets"; sourceTree = "<group>"; };
		5045BBDF268BFC11009A5FFF /* tv_retro.usdz */ = {isa = PBXFileReference; lastKnownFileType = file.usdz; path = tv_retro.usdz; sourceTree = "<group>"; };
		5045BBE0268BFC12009A5FFF /* PegasusTrail.usdz */ = {isa = PBXFileReference; lastKnownFileType = file.usdz; path = PegasusTrail.usdz; sourceTree = "<group>"; };
		5045BBE1268BFC12009A5FFF /* toy_robot_vintage.usdz */ = {isa = PBXFileReference; lastKnownFileType = file.usdz; path = toy_robot_vintage.usdz; sourceTree = "<group>"; };
		5045BBE2268BFC13009A5FFF /* Rock.usdz */ = {isa = PBXFileReference; lastKnownFileType = file.usdz; path = Rock.usdz; sourceTree = "<group>"; };
		5045BBE7268C170E009A5FFF /* Model.swift */ = {isa = PBXFileReference; lastKnownFileType = sourcecode.swift; path = Model.swift; sourceTree = "<group>"; };
		5045BBE9268C1F1B009A5FFF /* curad_alcohol_pad.usdz */ = {isa = PBXFileReference; lastKnownFileType = file.usdz; path = curad_alcohol_pad.usdz; sourceTree = "<group>"; };
/* End PBXFileReference section */

/* Begin PBXFrameworksBuildPhase section */
		5045BBC8268BF9A5009A5FFF /* Frameworks */ = {
			isa = PBXFrameworksBuildPhase;
			buildActionMask = 2147483647;
			files = (
			);
			runOnlyForDeploymentPostprocessing = 0;
		};
/* End PBXFrameworksBuildPhase section */

/* Begin PBXGroup section */
		5045BBC2268BF9A5009A5FFF = {
			isa = PBXGroup;
			children = (
				5045BBE7268C170E009A5FFF /* Model.swift */,
				5045BBCD268BF9A5009A5FFF /* ModelPickerApp */,
				5045BBCC268BF9A5009A5FFF /* Products */,
			);
			sourceTree = "<group>";
		};
		5045BBCC268BF9A5009A5FFF /* Products */ = {
			isa = PBXGroup;
			children = (
				5045BBCB268BF9A5009A5FFF /* ModelPickerApp.app */,
			);
			name = Products;
			sourceTree = "<group>";
		};
		5045BBCD268BF9A5009A5FFF /* ModelPickerApp */ = {
			isa = PBXGroup;
			children = (
				5045BBDE268BFBEB009A5FFF /* Models */,
				5045BBCE268BF9A5009A5FFF /* AppDelegate.swift */,
				5045BBD0268BF9A5009A5FFF /* ContentView.swift */,
				5045BBD4268BF9A6009A5FFF /* Assets.xcassets */,
				5045BBD6268BF9A6009A5FFF /* Preview Content */,
			);
			path = ModelPickerApp;
			sourceTree = "<group>";
		};
		5045BBD6268BF9A6009A5FFF /* Preview Content */ = {
			isa = PBXGroup;
			children = (
				5045BBD7268BF9A6009A5FFF /* Preview Assets.xcassets */,
			);
			path = "Preview Content";
			sourceTree = "<group>";
		};
		5045BBDE268BFBEB009A5FFF /* Models */ = {
			isa = PBXGroup;
			children = (
				5045BBE9268C1F1B009A5FFF /* curad_alcohol_pad.usdz */,
				5045BBE0268BFC12009A5FFF /* PegasusTrail.usdz */,
				5045BBE2268BFC13009A5FFF /* Rock.usdz */,
				5045BBE1268BFC12009A5FFF /* toy_robot_vintage.usdz */,
				5045BBDF268BFC11009A5FFF /* tv_retro.usdz */,
			);
			path = Models;
			sourceTree = "<group>";
		};
/* End PBXGroup section */

/* Begin PBXNativeTarget section */
		5045BBCA268BF9A5009A5FFF /* ModelPickerApp */ = {
			isa = PBXNativeTarget;
			buildConfigurationList = 5045BBDB268BF9A6009A5FFF /* Build configuration list for PBXNativeTarget "ModelPickerApp" */;
			buildPhases = (
				5045BBC7268BF9A5009A5FFF /* Sources */,
				5045BBC8268BF9A5009A5FFF /* Frameworks */,
				5045BBC9268BF9A5009A5FFF /* Resources */,
			);
			buildRules = (
			);
			dependencies = (
			);
			name = ModelPickerApp;
			productName = ModelPickerApp;
			productReference = 5045BBCB268BF9A5009A5FFF /* ModelPickerApp.app */;
			productType = "com.apple.product-type.application";
		};
/* End PBXNativeTarget section */

/* Begin PBXProject section */
		5045BBC3268BF9A5009A5FFF /* Project object */ = {
			isa = PBXProject;
			attributes = {
				BuildIndependentTargetsInParallel = 1;
				LastSwiftUpdateCheck = 1300;
				LastUpgradeCheck = 1300;
				TargetAttributes = {
					5045BBCA268BF9A5009A5FFF = {
						CreatedOnToolsVersion = 13.0;
					};
				};
			};
			buildConfigurationList = 5045BBC6268BF9A5009A5FFF /* Build configuration list for PBXProject "ModelPickerApp" */;
			compatibilityVersion = "Xcode 13.0";
			developmentRegion = en;
			hasScannedForEncodings = 0;
			knownRegions = (
				en,
				Base,
			);
			mainGroup = 5045BBC2268BF9A5009A5FFF;
			productRefGroup = 5045BBCC268BF9A5009A5FFF /* Products */;
			projectDirPath = "";
			projectRoot = "";
			targets = (
				5045BBCA268BF9A5009A5FFF /* ModelPickerApp */,
			);
		};
/* End PBXProject section */

/* Begin PBXResourcesBuildPhase section */
		5045BBC9268BF9A5009A5FFF /* Resources */ = {
			isa = PBXResourcesBuildPhase;
			buildActionMask = 2147483647;
			files = (
				5045BBE3268BFC13009A5FFF /* tv_retro.usdz in Resources */,
				5045BBEA268C1F1B009A5FFF /* curad_alcohol_pad.usdz in Resources */,
				5045BBE5268BFC13009A5FFF /* toy_robot_vintage.usdz in Resources */,
				5045BBE4268BFC13009A5FFF /* PegasusTrail.usdz in Resources */,
				5045BBD8268BF9A6009A5FFF /* Preview Assets.xcassets in Resources */,
				5045BBE6268BFC13009A5FFF /* Rock.usdz in Resources */,
				5045BBD5268BF9A6009A5FFF /* Assets.xcassets in Resources */,
			);
			runOnlyForDeploymentPostprocessing = 0;
		};
/* End PBXResourcesBuildPhase section */

/* Begin PBXSourcesBuildPhase section */
		5045BBC7268BF9A5009A5FFF /* Sources */ = {
			isa = PBXSourcesBuildPhase;
			buildActionMask = 2147483647;
			files = (
				5045BBE8268C170E009A5FFF /* Model.swift in Sources */,
				5045BBD1268BF9A5009A5FFF /* ContentView.swift in Sources */,
				5045BBCF268BF9A5009A5FFF /* AppDelegate.swift in Sources */,
			);
			runOnlyForDeploymentPostprocessing = 0;
		};
/* End PBXSourcesBuildPhase section */

/* Begin XCBuildConfiguration section */
		5045BBD9268BF9A6009A5FFF /* Debug */ = {
			isa = XCBuildConfiguration;
			buildSettings = {
				ALWAYS_SEARCH_USER_PATHS = NO;
				CLANG_ANALYZER_NONNULL = YES;
				CLANG_ANALYZER_NUMBER_OBJECT_CONVERSION = YES_AGGRESSIVE;
				CLANG_CXX_LANGUAGE_STANDARD = "gnu++14";
				CLANG_CXX_LIBRARY = "libc++";
				CLANG_ENABLE_MODULES = YES;
				CLANG_ENABLE_OBJC_ARC = YES;
				CLANG_ENABLE_OBJC_WEAK = YES;
				CLANG_WARN_BLOCK_CAPTURE_AUTORELEASING = YES;
				CLANG_WARN_BOOL_CONVERSION = YES;
				CLANG_WARN_COMMA = YES;
				CLANG_WARN_CONSTANT_CONVERSION = YES;
				CLANG_WARN_DEPRECATED_OBJC_IMPLEMENTATIONS = YES;
				CLANG_WARN_DIRECT_OBJC_ISA_USAGE = YES_ERROR;
				CLANG_WARN_DOCUMENTATION_COMMENTS = YES;
				CLANG_WARN_EMPTY_BODY = YES;
				CLANG_WARN_ENUM_CONVERSION = YES;
				CLANG_WARN_INFINITE_RECURSION = YES;
				CLANG_WARN_INT_CONVERSION = YES;
				CLANG_WARN_NON_LITERAL_NULL_CONVERSION = YES;
				CLANG_WARN_OBJC_IMPLICIT_RETAIN_SELF = YES;
				CLANG_WARN_OBJC_LITERAL_CONVERSION = YES;
				CLANG_WARN_OBJC_ROOT_CLASS = YES_ERROR;
				CLANG_WARN_QUOTED_INCLUDE_IN_FRAMEWORK_HEADER = YES;
				CLANG_WARN_RANGE_LOOP_ANALYSIS = YES;
				CLANG_WARN_STRICT_PROTOTYPES = YES;
				CLANG_WARN_SUSPICIOUS_MOVE = YES;
				CLANG_WARN_UNGUARDED_AVAILABILITY = YES_AGGRESSIVE;
				CLANG_WARN_UNREACHABLE_CODE = YES;
				CLANG_WARN__DUPLICATE_METHOD_MATCH = YES;
				COPY_PHASE_STRIP = NO;
				DEBUG_INFORMATION_FORMAT = dwarf;
				ENABLE_STRICT_OBJC_MSGSEND = YES;
				ENABLE_TESTABILITY = YES;
				GCC_C_LANGUAGE_STANDARD = gnu11;
				GCC_DYNAMIC_NO_PIC = NO;
				GCC_NO_COMMON_BLOCKS = YES;
				GCC_OPTIMIZATION_LEVEL = 0;
				GCC_PREPROCESSOR_DEFINITIONS = (
					"DEBUG=1",
					"$(inherited)",
				);
				GCC_WARN_64_TO_32_BIT_CONVERSION = YES;
				GCC_WARN_ABOUT_RETURN_TYPE = YES_ERROR;
				GCC_WARN_UNDECLARED_SELECTOR = YES;
				GCC_WARN_UNINITIALIZED_AUTOS = YES_AGGRESSIVE;
				GCC_WARN_UNUSED_FUNCTION = YES;
				GCC_WARN_UNUSED_VARIABLE = YES;
				IPHONEOS_DEPLOYMENT_TARGET = 15.0;
				MTL_ENABLE_DEBUG_INFO = INCLUDE_SOURCE;
				MTL_FAST_MATH = YES;
				ONLY_ACTIVE_ARCH = YES;
				SDKROOT = iphoneos;
				SWIFT_ACTIVE_COMPILATION_CONDITIONS = DEBUG;
				SWIFT_OPTIMIZATION_LEVEL = "-Onone";
			};
			name = Debug;
		};
		5045BBDA268BF9A6009A5FFF /* Release */ = {
			isa = XCBuildConfiguration;
			buildSettings = {
				ALWAYS_SEARCH_USER_PATHS = NO;
				CLANG_ANALYZER_NONNULL = YES;
				CLANG_ANALYZER_NUMBER_OBJECT_CONVERSION = YES_AGGRESSIVE;
				CLANG_CXX_LANGUAGE_STANDARD = "gnu++14";
				CLANG_CXX_LIBRARY = "libc++";
				CLANG_ENABLE_MODULES = YES;
				CLANG_ENABLE_OBJC_ARC = YES;
				CLANG_ENABLE_OBJC_WEAK = YES;
				CLANG_WARN_BLOCK_CAPTURE_AUTORELEASING = YES;
				CLANG_WARN_BOOL_CONVERSION = YES;
				CLANG_WARN_COMMA = YES;
				CLANG_WARN_CONSTANT_CONVERSION = YES;
				CLANG_WARN_DEPRECATED_OBJC_IMPLEMENTATIONS = YES;
				CLANG_WARN_DIRECT_OBJC_ISA_USAGE = YES_ERROR;
				CLANG_WARN_DOCUMENTATION_COMMENTS = YES;
				CLANG_WARN_EMPTY_BODY = YES;
				CLANG_WARN_ENUM_CONVERSION = YES;
				CLANG_WARN_INFINITE_RECURSION = YES;
				CLANG_WARN_INT_CONVERSION = YES;
				CLANG_WARN_NON_LITERAL_NULL_CONVERSION = YES;
				CLANG_WARN_OBJC_IMPLICIT_RETAIN_SELF = YES;
				CLANG_WARN_OBJC_LITERAL_CONVERSION = YES;
				CLANG_WARN_OBJC_ROOT_CLASS = YES_ERROR;
				CLANG_WARN_QUOTED_INCLUDE_IN_FRAMEWORK_HEADER = YES;
				CLANG_WARN_RANGE_LOOP_ANALYSIS = YES;
				CLANG_WARN_STRICT_PROTOTYPES = YES;
				CLANG_WARN_SUSPICIOUS_MOVE = YES;
				CLANG_WARN_UNGUARDED_AVAILABILITY = YES_AGGRESSIVE;
				CLANG_WARN_UNREACHABLE_CODE = YES;
				CLANG_WARN__DUPLICATE_METHOD_MATCH = YES;
				COPY_PHASE_STRIP = NO;
				DEBUG_INFORMATION_FORMAT = "dwarf-with-dsym";
				ENABLE_NS_ASSERTIONS = NO;
				ENABLE_STRICT_OBJC_MSGSEND = YES;
				GCC_C_LANGUAGE_STANDARD = gnu11;
				GCC_NO_COMMON_BLOCKS = YES;
				GCC_WARN_64_TO_32_BIT_CONVERSION = YES;
				GCC_WARN_ABOUT_RETURN_TYPE = YES_ERROR;
				GCC_WARN_UNDECLARED_SELECTOR = YES;
				GCC_WARN_UNINITIALIZED_AUTOS = YES_AGGRESSIVE;
				GCC_WARN_UNUSED_FUNCTION = YES;
				GCC_WARN_UNUSED_VARIABLE = YES;
				IPHONEOS_DEPLOYMENT_TARGET = 15.0;
				MTL_ENABLE_DEBUG_INFO = NO;
				MTL_FAST_MATH = YES;
				SDKROOT = iphoneos;
				SWIFT_COMPILATION_MODE = wholemodule;
				SWIFT_OPTIMIZATION_LEVEL = "-O";
				VALIDATE_PRODUCT = YES;
			};
			name = Release;
		};
		5045BBDC268BF9A6009A5FFF /* Debug */ = {
			isa = XCBuildConfiguration;
			buildSettings = {
				ASSETCATALOG_COMPILER_APPICON_NAME = AppIcon;
				ASSETCATALOG_COMPILER_GLOBAL_ACCENT_COLOR_NAME = AccentColor;
				CODE_SIGN_STYLE = Automatic;
				CURRENT_PROJECT_VERSION = 1;
				DEVELOPMENT_ASSET_PATHS = "\"ModelPickerApp/Preview Content\"";
				DEVELOPMENT_TEAM = P4HR3LHQY2;
				ENABLE_PREVIEWS = YES;
				GENERATE_INFOPLIST_FILE = YES;
				INFOPLIST_KEY_NSCameraUsageDescription = "";
				INFOPLIST_KEY_UIApplicationSupportsIndirectInputEvents = YES;
				INFOPLIST_KEY_UIRequiredDeviceCapabilities = arkit;
				INFOPLIST_KEY_UIStatusBarHidden = YES;
				INFOPLIST_KEY_UISupportedInterfaceOrientations_iPad = "UIInterfaceOrientationPortrait UIInterfaceOrientationPortraitUpsideDown UIInterfaceOrientationLandscapeLeft UIInterfaceOrientationLandscapeRight";
				INFOPLIST_KEY_UISupportedInterfaceOrientations_iPhone = "UIInterfaceOrientationPortrait UIInterfaceOrientationLandscapeLeft UIInterfaceOrientationLandscapeRight";
				IPHONEOS_DEPLOYMENT_TARGET = 15.0;
				LD_RUNPATH_SEARCH_PATHS = (
					"$(inherited)",
					"@executable_path/Frameworks",
				);
				MARKETING_VERSION = 1.0;
				PRODUCT_BUNDLE_IDENTIFIER = leon.ModelPickerApp;
				PRODUCT_NAME = "$(TARGET_NAME)";
				SWIFT_EMIT_LOC_STRINGS = YES;
				SWIFT_VERSION = 5.0;
				TARGETED_DEVICE_FAMILY = "1,2";
			};
			name = Debug;
		};
		5045BBDD268BF9A6009A5FFF /* Release */ = {
			isa = XCBuildConfiguration;
			buildSettings = {
				ASSETCATALOG_COMPILER_APPICON_NAME = AppIcon;
				ASSETCATALOG_COMPILER_GLOBAL_ACCENT_COLOR_NAME = AccentColor;
				CODE_SIGN_STYLE = Automatic;
				CURRENT_PROJECT_VERSION = 1;
				DEVELOPMENT_ASSET_PATHS = "\"ModelPickerApp/Preview Content\"";
				DEVELOPMENT_TEAM = P4HR3LHQY2;
				ENABLE_PREVIEWS = YES;
				GENERATE_INFOPLIST_FILE = YES;
				INFOPLIST_KEY_NSCameraUsageDescription = "";
				INFOPLIST_KEY_UIApplicationSupportsIndirectInputEvents = YES;
				INFOPLIST_KEY_UIRequiredDeviceCapabilities = arkit;
				INFOPLIST_KEY_UIStatusBarHidden = YES;
				INFOPLIST_KEY_UISupportedInterfaceOrientations_iPad = "UIInterfaceOrientationPortrait UIInterfaceOrientationPortraitUpsideDown UIInterfaceOrientationLandscapeLeft UIInterfaceOrientationLandscapeRight";
				INFOPLIST_KEY_UISupportedInterfaceOrientations_iPhone = "UIInterfaceOrientationPortrait UIInterfaceOrientationLandscapeLeft UIInterfaceOrientationLandscapeRight";
				IPHONEOS_DEPLOYMENT_TARGET = 15.0;
				LD_RUNPATH_SEARCH_PATHS = (
					"$(inherited)",
					"@executable_path/Frameworks",
				);
				MARKETING_VERSION = 1.0;
				PRODUCT_BUNDLE_IDENTIFIER = leon.ModelPickerApp;
				PRODUCT_NAME = "$(TARGET_NAME)";
				SWIFT_EMIT_LOC_STRINGS = YES;
				SWIFT_VERSION = 5.0;
				TARGETED_DEVICE_FAMILY = "1,2";
			};
			name = Release;
		};
/* End XCBuildConfiguration section */

/* Begin XCConfigurationList section */
		5045BBC6268BF9A5009A5FFF /* Build configuration list for PBXProject "ModelPickerApp" */ = {
			isa = XCConfigurationList;
			buildConfigurations = (
				5045BBD9268BF9A6009A5FFF /* Debug */,
				5045BBDA268BF9A6009A5FFF /* Release */,
			);
			defaultConfigurationIsVisible = 0;
			defaultConfigurationName = Release;
		};
		5045BBDB268BF9A6009A5FFF /* Build configuration list for PBXNativeTarget "ModelPickerApp" */ = {
			isa = XCConfigurationList;
			buildConfigurations = (
				5045BBDC268BF9A6009A5FFF /* Debug */,
				5045BBDD268BF9A6009A5FFF /* Release */,
			);
			defaultConfigurationIsVisible = 0;
			defaultConfigurationName = Release;
		};
/* End XCConfigurationList section */
	};
	rootObject = 5045BBC3268BF9A5009A5FFF /* Project object */;
}
